
Microsoft Visual Studio Solution File, Format Version 12.00
# Visual Studio 2013
VisualStudioVersion = 12.0.21005.1
MinimumVisualStudioVersion = 10.0.40219.1
Project("{FAE04EC0-301F-11D3-BF4B-00C04F79EFBC}") = "ZFreeGo.IntelligentControlPlatform.Modbus", "ZFreeGo.IntelligentControlPlatform.Modbus\ZFreeGo.IntelligentControlPlatform.Modbus.csproj", "{731EAAC4-6E00-4183-8F58-86FCED5573EF}"
EndProject
Project("{FAE04EC0-301F-11D3-BF4B-00C04F79EFBC}") = "ZFreeGo.IntelligentControlPlatform.ControlCenter", "ZFreeGo.IntelligentControlPlatform.ControlCenter\ZFreeGo.IntelligentControlPlatform.ControlCenter.csproj", "{7E324441-29FF-42A3-8810-7C3980D5DBBD}"
EndProject
Project("{FAE04EC0-301F-11D3-BF4B-00C04F79EFBC}") = "ZFreeGo.IntelligentControlPlatform.TestSerialPort", "ZFreeGo.IntelligentControlPlatform.TestSerialPort\ZFreeGo.IntelligentControlPlatform.TestSerialPort.csproj", "{08B8C1D6-95CD-4EEF-8807-898906BB12DE}"
EndProject
Global
	GlobalSection(SolutionConfigurationPlatforms) = preSolution
		Debug|Any CPU = Debug|Any CPU
		Release|Any CPU = Release|Any CPU
	EndGlobalSection
	GlobalSection(ProjectConfigurationPlatforms) = postSolution
		{731EAAC4-6E00-4183-8F58-86FCED5573EF}.Debug|Any CPU.ActiveCfg = Debug|Any CPU
		{731EAAC4-6E00-4183-8F58-86FCED5573EF}.Debug|Any CPU.Build.0 = Debug|Any CPU
		{731EAAC4-6E00-4183-8F58-86FCED5573EF}.Release|Any CPU.ActiveCfg = Release|Any CPU
		{731EAAC4-6E00-4183-8F58-86FCED5573EF}.Release|Any CPU.Build.0 = Release|Any CPU
		{7E324441-29FF-42A3-8810-7C3980D5DBBD}.Debug|Any CPU.ActiveCfg = Debug|Any CPU
		{7E324441-29FF-42A3-8810-7C3980D5DBBD}.Debug|Any CPU.Build.0 = Debug|Any CPU
		{7E324441-29FF-42A3-8810-7C3980D5DBBD}.Release|Any CPU.ActiveCfg = Release|Any CPU
		{7E324441-29FF-42A3-8810-7C3980D5DBBD}.Release|Any CPU.Build.0 = Release|Any CPU
		{08B8C1D6-95CD-4EEF-8807-898906BB12DE}.Debug|Any CPU.ActiveCfg = Debug|Any CPU
		{08B8C1D6-95CD-4EEF-8807-898906BB12DE}.Debug|Any CPU.Build.0 = Debug|Any CPU
		{08B8C1D6-95CD-4EEF-8807-898906BB12DE}.Release|Any CPU.ActiveCfg = Release|Any CPU
		{08B8C1D6-95CD-4EEF-8807-898906BB12DE}.Release|Any CPU.Build.0 = Release|Any CPU
	EndGlobalSection
	GlobalSection(SolutionProperties) = preSolution
		HideSolutionNode = FALSE
	EndGlobalSection
EndGlobal
